github.com/10gen/candiedyaml v0.0.0-20190528154413-da6f4db266e5 h1:quTK0bOf7s2QiN1Y6DtB7CJGy6oAskgRjSOrAgOAR0E=
github.com/10gen/candiedyaml v0.0.0-20190528154413-da6f4db266e5/go.mod h1:87b3OnOQuexXculxla0GCSZ9+6sU2/E3/ze9nSwTsyM=
github.com/10gen/mongoast v0.0.0-20190520144242-110174e616db h1:h5EqOsm1aF4rM0sosBGSf5VYdXUaJINRc9qjH/aNaRE=
github.com/10gen/mongoast v0.0.0-20190520144242-110174e616db/go.mod h1:/7PWuJoJT196Y2SfK6JlU0r59cEY8xwdZ662XY8YaG4=
github.com/10gen/mongoast v0.0.0-20190723173338-e977a80e8a3e h1:i8FpE4dJe3OxTGH3ReT1C7GLkWqrhrjiFadDrduQdu8=
github.com/10gen/mongoast v0.0.0-20190723173338-e977a80e8a3e/go.mod h1:/7PWuJoJT196Y2SfK6JlU0r59cEY8xwdZ662XY8YaG4=
github.com/10gen/mongoast v0.0.0-20190826214820-63580b9b8586 h1:BAlqaVPxmECB+sSmHvFe6dgdnHSn/ye2L209xW7qcj4=
github.com/10gen/mongoast v0.0.0-20190826214820-63580b9b8586/go.mod h1:zXqiLsYUajwXaVbk7lwcs215QaCQoj2cS7i7TcbMV3c=
github.com/10gen/mongoast v0.0.0-20190828180136-7b12fdc29f13 h1:VRXpwbVETTdDFgCCv9oMW8ToH+d7XoxiiXvZjgQ/ndc=
github.com/10gen/mongoast v0.0.0-20190828180136-7b12fdc29f13/go.mod h1:zXqiLsYUajwXaVbk7lwcs215QaCQoj2cS7i7TcbMV3c=
github.com/10gen/mongoast v0.0.0-20191022173548-783a4860400d h1:ObaXEiDxKPdNnF+ODKPnWjtZ4pxdVwhZ1qPqIS4nj8s=
github.com/10gen/mongoast v0.0.0-20191022173548-783a4860400d/go.mod h1:zXqiLsYUajwXaVbk7lwcs215QaCQoj2cS7i7TcbMV3c=
github.com/10gen/mongoast v0.0.0-20191025154940-1fddb3949072 h1:9OYWIbBk8F1LqxiS0hEvO5lfu8VS5akyN7VmaSGO4Ow=
github.com/10gen/mongoast v0.0.0-20191025154940-1fddb3949072/go.mod h1:zXqiLsYUajwXaVbk7lwcs215QaCQoj2cS7i7TcbMV3c=
github.com/10gen/mongoast v0.0.0-20191025180923-3d290796045c h1:pTq1/ohfKKd5YXzMEpGHsthkX9ieMIEEifsZFMyV3z0=
github.com/10gen/mongoast v0.0.0-20191025180923-3d290796045c/go.mod h1:zXqiLsYUajwXaVbk7lwcs215QaCQoj2cS7i7TcbMV3c=
github.com/10gen/openssl v0.0.0-20180319163546-426ceace7847 h1:TbONlEzjFZ0K7a6dYca+3rwJugMwiRJLY+FSCO3C2CE=
github.com/10gen/openssl v0.0.0-20180319163546-426ceace7847/go.mod h1:ngIUcWisavS+ezq2tBEu6vgSU981hsiJaalWLlpOcuE=
github.com/apmckinlay/gsuneido v0.0.0-20190404155041-0b6cd442a18f/go.mod h1:JU2DOj5Fc6rol0yaT79Csr47QR0vONGwJtBNGRD7jmc=
github.com/apmckinlay/gsuneido v0.0.0-20190828171039-d059fc31c5ab/go.mod h1:DbT9adZMDjE+YrzbD8nGBAtCi1h+xx2q9kQCiDEUXxE=
github.com/aws/aws-sdk-go v1.22.1/go.mod h1:KmX6BPdI08NWTb3/sm4ZGu5ShLoqVDhKgpiN924inxo=
github.com/aws/aws-sdk-go v1.22.4/go.mod h1:KmX6BPdI08NWTb3/sm4ZGu5ShLoqVDhKgpiN924inxo=
github.com/aws/aws-sdk-go v1.23.10 h1:8um3hX3G8nfDNVHy+v3fxcUXlWJmYXFKBVWJkgCQSUQ=
github.com/aws/aws-sdk-go v1.23.10/go.mod h1:KmX6BPdI08NWTb3/sm4ZGu5ShLoqVDhKgpiN924inxo=
github.com/cockroachdb/apd v1.1.0/go.mod h1:8Sl8LxpKi29FqWXR16WEFZRNSz3SoPzUzeMeY4+DwBQ=
github.com/craiggwilson/goke v0.0.0-20181207224902-4a17d49e9b70 h1:wTFoqVDtr3DIZLq4JJ+JhYyakuTiPzPmH2EQeib9H4Y=
github.com/craiggwilson/goke v0.0.0-20181207224902-4a17d49e9b70/go.mod h1:0jlZfO1lmeSCLmalnaa9t4RFcgdBlJstHV9zeXVBofU=
github.com/craiggwilson/goke v0.0.0-20190811215818-c46ad960904c h1:yn/ZullQtQmcykxCWIivDh1/bGEbQAJ94AA/PSOCkE0=
github.com/craiggwilson/goke v0.0.0-20190811215818-c46ad960904c/go.mod h1:QC3E3HX3mPuBJhMfZRt6jPW3QFIMuGkc7uj9UsLugX8=
github.com/davecgh/go-spew v1.1.0 h1:ZDRjVQ15GmhC3fiQ8ni8+OwkZQO4DARzQgrnXU1Liz8=
github.com/davecgh/go-spew v1.1.0/go.mod h1:J7Y8YcW2NihsgmVo/mv3lAwl/skON4iLHjSsI+c5H38=
github.com/davecgh/go-spew v1.1.1 h1:vj9j/u1bqnvCEfJOwUhtlOARqs3+rkHYY13jYWTU97c=
github.com/davecgh/go-spew v1.1.1/go.mod h1:J7Y8YcW2NihsgmVo/mv3lAwl/skON4iLHjSsI+c5H38=
github.com/ericlagergren/decimal v0.0.0-20190729173012-f05d33913e5a h1:xHtz7D2MuhqTuuK2ho+376HVrC8vndeXw2McnBIJhUE=
github.com/ericlagergren/decimal v0.0.0-20190729173012-f05d33913e5a/go.mod h1:mdYyfAkzn9kyJ/kMk/7WE9ufl9lflh+2NvecQ5mAghs=
github.com/fsnotify/fsnotify v1.4.7 h1:IXs+QLmnXW2CcXuY+8Mzv/fWEsPGWxqefPtCP5CnV9I=
github.com/fsnotify/fsnotify v1.4.7/go.mod h1:jwhsz4b93w/PPRr/qN1Yymfu8t87LnFCMoQvtojpjFo=
github.com/go-ole/go-ole v1.2.4/go.mod h1:XCwSNxSkXRo4vlyPy93sltvi/qJq0jqQhjqQNIwKuxM=
github.com/go-sql-driver/mysql v1.4.1 h1:g24URVg0OFbNUTx9qqY1IRZ9D9z3iPyi5zKhQZpNwpA=
github.com/go-sql-driver/mysql v1.4.1/go.mod h1:zAC/RDZ24gD3HViQzih4MyKcchzm+sOG5ZlKdlhCg5w=
github.com/go-stack/stack v1.8.0 h1:5SgMzNM5HxrEjV0ww2lTmX6E2Izsfxas4+YHWRs3Lsk=
github.com/go-stack/stack v1.8.0/go.mod h1:v0f6uXyyMGvRgIKkXu+yp6POWl0qKG85gN/melR3HDY=
github.com/golang/protobuf v1.2.0 h1:P3YflyNX/ehuJFLhxviNdFxQPkGK5cDcApsge1SqnvM=
github.com/golang/protobuf v1.2.0/go.mod h1:6lQm79b+lXiMfvg/cZm0SGofjICqVBUtrP5yJMmIC1U=
github.com/golang/snappy v0.0.1 h1:Qgr9rKW7uDUkrbSmQeiDsGa8SjGyCOGtuasMWwvp2P4=
github.com/golang/snappy v0.0.1/go.mod h1:/XxbfmMg8lxefKM7IXC3fBNl/7bRcc72aCRzEWrmP2Q=
github.com/google/go-cmp v0.2.0 h1:+dTQ8DZQJz0Mb/HjFlkptS1FeQ4cWSnN941F8aEG4SQ=
github.com/google/go-cmp v0.2.0/go.mod h1:oXzfMopK8JAjlY9xF4vHSVASa0yLyX7SntLO5aqRK0M=
github.com/google/uuid v1.1.1/go.mod h1:TIyPZe4MgqvfeYDBFedMoGGpEw/LqOeaOT+nhxU+yHo=
github.com/gopherjs/gopherjs v0.0.0-20170702153443-2b1d432c8a82 h1:TwK/5vcnU6ySjgUgzc4+YjCeWa1D/liMSxvaLlW5YPI=
github.com/gopherjs/gopherjs v0.0.0-20170702153443-2b1d432c8a82/go.mod h1:wJfORRmW1u3UXTncJ5qlYoELFm8eSnnEO6hX4iZ3EWY=
github.com/howeyc/gopass v0.0.0-20170109162249-bf9dde6d0d2c h1:kQWxfPIHVLbgLzphqk3QUflDy9QdksZR4ygR807bpy0=
github.com/howeyc/gopass v0.0.0-20170109162249-bf9dde6d0d2c/go.mod h1:lADxMC39cJJqL93Duh1xhAs4I2Zs8mKS89XWXFGp9cs=
github.com/hpcloud/tail v1.0.0 h1:nfCOvKYfkgYP8hkirhJocXT2+zOD8yUNjXaWfTlyFKI=
github.com/hpcloud/tail v1.0.0/go.mod h1:ab1qPbhIpdTxEkNHXyeSf5vhxWSCs/tWer42PpOxQnU=
github.com/jessevdk/go-flags v0.0.0-20170722072952-6cf8f02b4ae8 h1:wu1cB8AxWxtLsgUpR3TbHJRolwUGM716wQ6cEXYzbd0=
github.com/jessevdk/go-flags v0.0.0-20170722072952-6cf8f02b4ae8/go.mod h1:4FA24M0QyGHXBuZZK/XkWh8h0e1EYbRYJSGM75WSRxI=
github.com/jmespath/go-jmespath v0.0.0-20180206201540-c2b33e8439af h1:pmfjZENx5imkbgOkpRUYLnmbU7UEFbjtDA2hxJ1ichM=
github.com/jmespath/go-jmespath v0.0.0-20180206201540-c2b33e8439af/go.mod h1:Nht3zPeWKUH0NzdCt2Blrr5ys8VGpn0CEB0cQHVjt7k=
github.com/jtolds/gls v4.20.0+incompatible h1:xdiiI2gbIgH/gLH7ADydsJ1uDOEzR8yvV7C0MuV77Wo=
github.com/jtolds/gls v4.20.0+incompatible/go.mod h1:QJZ7F/aHp+rZTRtaJ1ow/lLfFfVYBRgL+9YlvaHOwJU=
github.com/kardianos/osext v0.0.0-20170510131534-ae77be60afb1 h1:PJPDf8OUfOK1bb/NeTKd4f1QXZItOX389VN3B6qC8ro=
github.com/kardianos/osext v0.0.0-20170510131534-ae77be60afb1/go.mod h1:1NbS8ALrpOvjt0rHPNLyCIeMtbizbir8U//inJ+zuB8=
github.com/kardianos/service v0.0.0-20180302231109-0ab6efe2ea51 h1:oAacf1hz/uAg1oIJRbdsnzzjz5DvNepTp7Gmfr4CsKk=
github.com/kardianos/service v0.0.0-20180302231109-0ab6efe2ea51/go.mod h1:10UU/bEkzh2iEN6aYzbevY7J6p03KO5siTxQWXMEerg=
github.com/kr/pretty v0.0.0-20160823170715-cfb55aafdaf3 h1:dhwb1Ev84SKKVBfLuhR4bw/29yYHzwtTyTLUWWnvYxI=
github.com/kr/pretty v0.0.0-20160823170715-cfb55aafdaf3/go.mod h1:Bvhd+E3laJ0AVkG0c9rmtZcnhV0HQ3+c3YxxqTvc/gA=
github.com/kr/text v0.0.0-20160504234017-7cafcd837844 h1:kpzneEBeC0dMewP3gr/fADv1OlblH9r1goWVwpOt3TU=
github.com/kr/text v0.0.0-20160504234017-7cafcd837844/go.mod h1:sjUstKUATFIcff4qlB53Kml0wQPtJVc/3fWrmuUmcfA=
github.com/lib/pq v1.0.0/go.mod h1:5WUZQaWbwv1U+lTReE5YruASi9Al49XbQIvNi/34Woo=
github.com/lib/pq v1.2.0/go.mod h1:5WUZQaWbwv1U+lTReE5YruASi9Al49XbQIvNi/34Woo=
github.com/mattChiaravalloti/mongo-tools-common v0.0.1-0.20190604201556-7f6e09e401b6 h1:xZDTNf8mJ1lMI36Ceml866Z5ZPKRip+4Pfgw6uIqIUM=
github.com/mattChiaravalloti/mongo-tools-common v0.0.1-0.20190604201556-7f6e09e401b6/go.mod h1:It51Az9AG4BL5VIhCpk/6Bp9syiSvz0y1jM9ALTCTDk=
github.com/mattn/go-colorable v0.0.9 h1:UVL0vNpWh04HeJXV0KLcaT7r06gOH2l4OW6ddYRUIY4=
github.com/mattn/go-colorable v0.0.9/go.mod h1:9vuHe8Xs5qXnSaW/c/ABM9alt+Vo+STaOChaDxuIBZU=
github.com/mattn/go-colorable v0.1.2 h1:/bC9yWikZXAL9uJdulbSfyVNIR3n3trXl+v8+1sx8mU=
github.com/mattn/go-colorable v0.1.2/go.mod h1:U0ppj6V5qS13XJ6of8GYAs25YV2eR4EVcfRqFIhoBtE=
github.com/mattn/go-isatty v0.0.4/go.mod h1:M+lRXTBqGeGNdLjl/ufCoiOlB5xdOkqRJdNxMWT7Zi4=
github.com/mattn/go-isatty v0.0.8/go.mod h1:Iq45c/XA43vh69/j3iqttzPXn0bhXyGjM0Hdxcsrc5s=
github.com/mattn/go-isatty v0.0.9 h1:d5US/mDsogSGW37IV293h//ZFaeajb69h+EHFsv2xGg=
github.com/mattn/go-isatty v0.0.9/go.mod h1:YNRxwqDuOph6SZLI9vUUz6OYw3QyUt7WiY2yME+cCiQ=
github.com/mgutz/ansi v0.0.0-20170206155736-9520e82c474b h1:j7+1HpAFS1zy5+Q4qx1fWh90gTKwiN4QCGoY9TWyyO4=
github.com/mgutz/ansi v0.0.0-20170206155736-9520e82c474b/go.mod h1:01TrycV0kFyexm33Z7vhZRXopbI8J3TDReVlkTgMUxE=
github.com/mongodb/mongo-tools v0.0.0-20190515193408-25f23659be74 h1:enfX4upa3+Aru7aJyjBSnKgFc18Y6UINhbwFHg6NPnE=
github.com/mongodb/mongo-tools v0.0.0-20190515193408-25f23659be74/go.mod h1:hkFunXA3Gbksiojtxr/hjqPMckbYrey/EwEqjaHG2h8=
github.com/mongodb/mongo-tools v0.0.0-20191008165040-976b41822808 h1:zF24gFKZuUoSO/fBTLBaDJ6aXb2U91GHapy4tbDrNgU=
github.com/mongodb/mongo-tools v0.0.0-20191008165040-976b41822808/go.mod h1:hkFunXA3Gbksiojtxr/hjqPMckbYrey/EwEqjaHG2h8=
github.com/mongodb/mongo-tools-common v0.0.1-0.20190515193033-4316ec1965c6 h1:oLrORiGgQQZDqfDgZHKHvnEsGBTrzIiZwb+4Wdc1Gp8=
github.com/mongodb/mongo-tools-common v0.0.1-0.20190515193033-4316ec1965c6/go.mod h1:T0AGIWI5PvxSzqt5zsR5zlcHl52KGeAzhoAnSvvpEtU=
github.com/mongodb/mongo-tools-common v1.0.2 h1:EjE5HCXs2P1Nb8AXqcqtK/AJ2Ry93fdlIE3AyqdpwBo=
github.com/mongodb/mongo-tools-common v1.0.2/go.mod h1:T0AGIWI5PvxSzqt5zsR5zlcHl52KGeAzhoAnSvvpEtU=
github.com/onsi/ginkgo v1.6.0/go.mod h1:lLunBs/Ym6LB5Z9jYTR76FiuTmxDTDusOGeTQH+WWjE=
github.com/onsi/ginkgo v1.8.0 h1:VkHVNpR4iVnU8XQR6DBm8BqYjN7CRzw+xKUbVVbbW9w=
github.com/onsi/ginkgo v1.8.0/go.mod h1:lLunBs/Ym6LB5Z9jYTR76FiuTmxDTDusOGeTQH+WWjE=
github.com/onsi/gomega v1.5.0 h1:izbySO9zDPmjJ8rDjLvkA2zJHIo+HkYXHnf7eN7SSyo=
github.com/onsi/gomega v1.5.0/go.mod h1:ex+gbHU/CVuBBDIJjb2X0qEXbFg53c61hWP/1CpauHY=
github.com/pkg/errors v0.8.0/go.mod h1:bwawxfHBFNV+L2hUp1rHADufV3IMtnDRdf1r5NINEl0=
github.com/pkg/errors v0.8.1 h1:iURUrRGxPUNPdy5/HRSm+Yj6okJ6UtLINN0Q9M4+h3I=
github.com/pkg/errors v0.8.1/go.mod h1:bwawxfHBFNV+L2hUp1rHADufV3IMtnDRdf1r5NINEl0=
github.com/pkg/profile v1.3.0 h1:OQIvuDgm00gWVWGTf4m4mCt6W1/0YqU7Ntg0mySWgaI=
github.com/pkg/profile v1.3.0/go.mod h1:hJw3o1OdXxsrSjjVksARp5W95eeEaEfptyVZyv6JUPA=
github.com/pmezard/go-difflib v1.0.0 h1:4DBwDE0NGyQoBHbLQYPwSUPoCMWR5BEzIk/f1lZbAQM=
github.com/pmezard/go-difflib v1.0.0/go.mod h1:iKH77koFhYxTK1pcRnkKkqfTogsbg7gZNVY4sRDYZ/4=
github.com/satori/go.uuid v0.0.0-20181028125025-b2ce2384e17b h1:8O/3dJ2dGfuLVN0bo2B0IdkG0L8cjpmFJ4r8eRQBCi8=
github.com/satori/go.uuid v0.0.0-20181028125025-b2ce2384e17b/go.mod h1:dA0hQrYB0VpLJoorglMZABFdXlWrHn1NEOzdhQKdks0=
github.com/shopspring/decimal v0.0.0-20160918205201-d6f52241f332 h1:eKQAdFJkuAPXg+pCsZMkgt/3cxaECo4x+hkOYYaX2vQ=
github.com/shopspring/decimal v0.0.0-20160918205201-d6f52241f332/go.mod h1:M+9NzErvs504Cn4c5DxATwIqPbtswREoFCre64PpcG4=
github.com/smartystreets/assertions v0.0.0-20160225170624-e9a2f6771d97 h1:9rWAEFQzww8otC37zZgDB7ZeUbzmxMj6EdAgkZ9DcBc=
github.com/smartystreets/assertions v0.0.0-20160225170624-e9a2f6771d97/go.mod h1:OnSkiWE9lh6wB0YB77sQom3nweQdgAjqCqsofrRNTgc=
github.com/smartystreets/goconvey v0.0.0-20160503033757-d4c757aa9afd h1:ZDVcuZGxvWB1ooKj1e31P/ktQK4A2WumM+LucMENpds=
github.com/smartystreets/goconvey v0.0.0-20160503033757-d4c757aa9afd/go.mod h1:XDJAKZRPZ1CvBcN2aX5YOUTYGHki24fSF0Iv48Ibg0s=
github.com/spacemonkeygo/spacelog v0.0.0-20170706210657-b6d9bf7bf3eb h1:sXODNvRM5F75hq+gfq7tMP+Eh8317Vq2XuODZgjztaU=
github.com/spacemonkeygo/spacelog v0.0.0-20170706210657-b6d9bf7bf3eb/go.mod h1:w0SWMsp6j9O/dk4/ZpIhL+3CkG8ofA2vuv7k+ltqUMc=
github.com/stretchr/objx v0.1.0/go.mod h1:HFkY916IF+rwdDfMAkV7OtwuqBVzrE8GR6GFx+wExME=
github.com/stretchr/objx v0.1.1/go.mod h1:HFkY916IF+rwdDfMAkV7OtwuqBVzrE8GR6GFx+wExME=
github.com/stretchr/objx v0.2.0/go.mod h1:qt09Ya8vawLte6SNmTgCsAVtYtaKzEcn8ATUoHMkEqE=
github.com/stretchr/testify v1.3.0 h1:TivCn/peBQ7UY8ooIcPgZFpTNSz0Q2U6UrFlUfqbe0Q=
github.com/stretchr/testify v1.3.0/go.mod h1:M5WIy9Dh21IEIfnGCwXGc5bZfKNJtfHm1UVUgZn+9EI=
github.com/tidwall/pretty v0.0.0-20190325153808-1166b9ac2b65 h1:rQ229MBgvW68s1/g6f1/63TgYwYxfF4E+bi/KC19P8g=
github.com/tidwall/pretty v0.0.0-20190325153808-1166b9ac2b65/go.mod h1:XNkn88O1ChpSDQmQeStsy+sBenx6DDtFZJxhVysOjyk=
github.com/xdg/scram v0.0.0-20180814205039-7eeb5667e42c h1:u40Z8hqBAAQyv+vATcGgV0YCnDjqSL7/q/JyPhhJSPk=
github.com/xdg/scram v0.0.0-20180814205039-7eeb5667e42c/go.mod h1:lB8K/P019DLNhemzwFU4jHLhdvlE6uDZjXFejJXr49I=
github.com/xdg/stringprep v0.0.0-20180714160509-73f8eece6fdc h1:n+nNi93yXLkJvKwXNP9d55HC7lGK4H/SRcwB5IaUZLo=
github.com/xdg/stringprep v0.0.0-20180714160509-73f8eece6fdc/go.mod h1:Jhud4/sHMO4oL310DaZAKk9ZaJ08SJfe+sJh0HrGL1Y=
go.mongodb.org/mongo-driver v1.0.0-rc1/go.mod h1:u7ryQJ+DOzQmeO7zB6MHyr8jkEQvC8vH7qLUO4lqsUM=
go.mongodb.org/mongo-driver v1.0.1-0.20190617172444-24c422eb6da5 h1:mqANaJhvQ9fpNCbUrtftYP3nwHLa8UsjoC63yrg4IRg=
go.mongodb.org/mongo-driver v1.0.1-0.20190617172444-24c422eb6da5/go.mod h1:u7ryQJ+DOzQmeO7zB6MHyr8jkEQvC8vH7qLUO4lqsUM=
go.mongodb.org/mongo-driver v1.0.1-0.20190626181015-60e65d0f2639 h1:ME2LYhLslJmC6TeHajhBOcLhK9Bz/xALDR/jxFGHC98=
go.mongodb.org/mongo-driver v1.0.1-0.20190626181015-60e65d0f2639/go.mod h1:u7ryQJ+DOzQmeO7zB6MHyr8jkEQvC8vH7qLUO4lqsUM=
go.mongodb.org/mongo-driver v1.0.1-0.20190702140415-ea4b543a1e0a h1:w79F7z68uV0zqa6ind0DBtWAOL/g+U1iNkxzDDPMtaM=
go.mongodb.org/mongo-driver v1.0.1-0.20190702140415-ea4b543a1e0a/go.mod h1:u7ryQJ+DOzQmeO7zB6MHyr8jkEQvC8vH7qLUO4lqsUM=
go.mongodb.org/mongo-driver v1.0.1-0.20190808203010-d7def45f57fd h1:yL9x1GkVsJPEgM3bbyVB3Ufk7TrDqn9RzKl/iI3ieRg=
go.mongodb.org/mongo-driver v1.0.1-0.20190808203010-d7def45f57fd/go.mod h1:u7ryQJ+DOzQmeO7zB6MHyr8jkEQvC8vH7qLUO4lqsUM=
go.mongodb.org/mongo-driver v1.1.1 h1:Sq1fR+0c58RME5EoqKdjkiQAmPjmfHlZOoRI6fTUOcs=
go.mongodb.org/mongo-driver v1.1.1/go.mod h1:u7ryQJ+DOzQmeO7zB6MHyr8jkEQvC8vH7qLUO4lqsUM=
go.mongodb.org/mongo-driver v1.1.2 h1:jxcFYjlkl8xaERsgLo+RNquI0epW6zuy/ZRQs6jnrFA=
go.mongodb.org/mongo-driver v1.1.2/go.mod h1:u7ryQJ+DOzQmeO7zB6MHyr8jkEQvC8vH7qLUO4lqsUM=
golang.org/x/crypto v0.0.0-20190308221718-c2843e01d9a2 h1:VklqNMn3ovrHsnt90PveolxSbWFaJdECFbxSq0Mqo2M=
golang.org/x/crypto v0.0.0-20190308221718-c2843e01d9a2/go.mod h1:djNgcEr1/C05ACkg1iLfiJU5Ep61QUkGW8qpdssI0+w=
golang.org/x/net v0.0.0-20180724234803-3673e40ba225/go.mod h1:mL1N/T3taQHkDXs73rZJwtUhF3w3ftmwwsq0BUmARs4=
golang.org/x/net v0.0.0-20180906233101-161cd47e91fd/go.mod h1:mL1N/T3taQHkDXs73rZJwtUhF3w3ftmwwsq0BUmARs4=
golang.org/x/net v0.0.0-20190520210107-018c4d40a106 h1:EZofHp/BzEf3j39/+7CX1JvH0WaPG+ikBrqAdAPf+GM=
golang.org/x/net v0.0.0-20190520210107-018c4d40a106/go.mod h1:t9HGtf8HONx5eT2rtn7q6eTqICYqUVnKs3thJo3Qplg=
golang.org/x/net v0.0.0-20190724013045-ca1201d0de80/go.mod h1:z5CRVTTTmAJ677TzLLGU+0bjPO0LkuOLi4/5GtJWs/s=
golang.org/x/net v0.0.0-20190827160401-ba9fcec4b297 h1:k7pJ2yAPLPgbskkFdhRCsA77k2fySZ1zf2zCjvQCiIM=
golang.org/x/net v0.0.0-20190827160401-ba9fcec4b297/go.mod h1:z5CRVTTTmAJ677TzLLGU+0bjPO0LkuOLi4/5GtJWs/s=
golang.org/x/sync v0.0.0-20180314180146-1d60e4601c6f/go.mod h1:RxMgew5VJxzue5/jJTE5uejpjVlOe/izrB70Jof72aM=
golang.org/x/sync v0.0.0-20190423024810-112230192c58 h1:8gQV6CLnAEikrhgkHFbMAEhagSSnXWGV915qUMm9mrU=
golang.org/x/sync v0.0.0-20190423024810-112230192c58/go.mod h1:RxMgew5VJxzue5/jJTE5uejpjVlOe/izrB70Jof72aM=
golang.org/x/sys v0.0.0-20180909124046-d0be0721c37e/go.mod h1:STP8DvDyc/dI5b8T5hshtkjS+E42TnysNCUPdjciGhY=
golang.org/x/sys v0.0.0-20190215142949-d0b11bdaac8a/go.mod h1:STP8DvDyc/dI5b8T5hshtkjS+E42TnysNCUPdjciGhY=
golang.org/x/sys v0.0.0-20190222072716-a9d3bda3a223/go.mod h1:STP8DvDyc/dI5b8T5hshtkjS+E42TnysNCUPdjciGhY=
golang.org/x/sys v0.0.0-20190226215855-775f8194d0f9 h1:N26gncmS+iqc/W/SKhX3ElI5pkt72XYoRLgi5Z70LSc=
golang.org/x/sys v0.0.0-20190226215855-775f8194d0f9/go.mod h1:STP8DvDyc/dI5b8T5hshtkjS+E42TnysNCUPdjciGhY=
golang.org/x/sys v0.0.0-20190626221950-04f50cda93cb/go.mod h1:h1NjWce9XRLGQEsW7wpKNCjG9DtNlClVuFLEZdDNbEs=
golang.org/x/sys v0.0.0-20190804053845-51ab0e2deafa/go.mod h1:h1NjWce9XRLGQEsW7wpKNCjG9DtNlClVuFLEZdDNbEs=
golang.org/x/sys v0.0.0-20190813064441-fde4db37ae7a h1:aYOabOQFp6Vj6W1F80affTUvO9UxmJRx8K0gsfABByQ=
golang.org/x/sys v0.0.0-20190813064441-fde4db37ae7a/go.mod h1:h1NjWce9XRLGQEsW7wpKNCjG9DtNlClVuFLEZdDNbEs=
golang.org/x/sys v0.0.0-20190826190057-c7b8b68b1456 h1:ng0gs1AKnRRuEMZoTLLlbOd+C17zUDepwGQBb/n+JVg=
golang.org/x/sys v0.0.0-20190826190057-c7b8b68b1456/go.mod h1:h1NjWce9XRLGQEsW7wpKNCjG9DtNlClVuFLEZdDNbEs=
golang.org/x/text v0.3.0 h1:g61tztE5qeGQ89tm6NTjjM9VPIm088od1l6aSorWRWg=
golang.org/x/text v0.3.0/go.mod h1:NqM8EUOU14njkJ3fqMW+pc6Ldnwhi/IjpwHt7yyuwOQ=
google.golang.org/appengine v1.6.0 h1:Tfd7cKwKbFRsI8RMAD3oqqw7JPFRrvFlOsfbgVkjOOw=
google.golang.org/appengine v1.6.0/go.mod h1:xpcJRLb0r/rnEns0DIKYYv+WjYCduHsrkT7/EB5XEv4=
gopkg.in/check.v1 v0.0.0-20161208181325-20d25e280405/go.mod h1:Co6ibVJAznAaIkqp8huTwlJQCZ016jof/cbN4VW5Yz0=
gopkg.in/check.v1 v1.0.0-20180628173108-788fd7840127 h1:qIbj1fsPNlZgppZ+VLlY7N33q108Sa+fhmuc+sWQYwY=
gopkg.in/check.v1 v1.0.0-20180628173108-788fd7840127/go.mod h1:Co6ibVJAznAaIkqp8huTwlJQCZ016jof/cbN4VW5Yz0=
gopkg.in/fsnotify.v1 v1.4.7 h1:xOHLXZwVvI9hhs+cLKq5+I5onOuwQLhQwiu63xxlHs4=
gopkg.in/fsnotify.v1 v1.4.7/go.mod h1:Tz8NjZHkW78fSQdbUxIjBTcgA1z1m8ZHf0WmKUhAMys=
gopkg.in/inf.v0 v0.9.1/go.mod h1:cWUDdTG/fYaXco+Dcufb5Vnc6Gp2YChqWtbxRZE0mXw=
gopkg.in/tomb.v1 v1.0.0-20141024135613-dd632973f1e7 h1:uRGJdciOHaEIrze2W8Q3AKkepLTh2hOroT7a+7czfdQ=
gopkg.in/tomb.v1 v1.0.0-20141024135613-dd632973f1e7/go.mod h1:dt/ZhP58zS4L8KSrWDmTeBkI65Dw0HsyUHuEVlX15mw=
gopkg.in/yaml.v2 v2.2.1 h1:mUhvW9EsL+naU5Q3cakzfE91YhliOondGd6ZrsDBHQE=
gopkg.in/yaml.v2 v2.2.1/go.mod h1:hI93XBmqTisBFMUTm0b8Fm+jr3Dg1NNxqwp+5A1VGuI=
